// !$*UTF8*$!
{
	archiveVersion = 1;
	classes = {
	};
	objectVersion = 56;
	objects = {

/* Begin PBXBuildFile section */
		A0EEAD5A2B23C0B600DA10F6 /* NewsAppApp.swift in Sources */ = {isa = PBXBuildFile; fileRef = A0EEAD592B23C0B600DA10F6 /* NewsAppApp.swift */; };
		A0EEAD5E2B23C0BA00DA10F6 /* Assets.xcassets in Resources */ = {isa = PBXBuildFile; fileRef = A0EEAD5D2B23C0BA00DA10F6 /* Assets.xcassets */; };
		A0EEAD622B23C0BA00DA10F6 /* Preview Assets.xcassets in Resources */ = {isa = PBXBuildFile; fileRef = A0EEAD612B23C0BA00DA10F6 /* Preview Assets.xcassets */; };
		A0EEAD6A2B23C41800DA10F6 /* HomeView.swift in Sources */ = {isa = PBXBuildFile; fileRef = A0EEAD692B23C41800DA10F6 /* HomeView.swift */; };
		A0EEAD6D2B23C64200DA10F6 /* NewsResponse.swift in Sources */ = {isa = PBXBuildFile; fileRef = A0EEAD6C2B23C64200DA10F6 /* NewsResponse.swift */; };
		A0EEAD702B23C72E00DA10F6 /* NewsEndpoint.swift in Sources */ = {isa = PBXBuildFile; fileRef = A0EEAD6F2B23C72E00DA10F6 /* NewsEndpoint.swift */; };
		A0EEAD752B23C96200DA10F6 /* APIError.swift in Sources */ = {isa = PBXBuildFile; fileRef = A0EEAD742B23C96200DA10F6 /* APIError.swift */; };
		A0EEAD7A2B23CA5300DA10F6 /* NewsService.swift in Sources */ = {isa = PBXBuildFile; fileRef = A0EEAD792B23CA5300DA10F6 /* NewsService.swift */; };
		A0EEAD7D2B23E9F000DA10F6 /* ResultState.swift in Sources */ = {isa = PBXBuildFile; fileRef = A0EEAD7C2B23E9F000DA10F6 /* ResultState.swift */; };
		A0EEAD802B23EA3A00DA10F6 /* NewsViewModel.swift in Sources */ = {isa = PBXBuildFile; fileRef = A0EEAD7F2B23EA3A00DA10F6 /* NewsViewModel.swift */; };
		A0EEAD832B23FEDF00DA10F6 /* URLImage in Frameworks */ = {isa = PBXBuildFile; productRef = A0EEAD822B23FEDF00DA10F6 /* URLImage */; };
		A0EEAD852B23FEDF00DA10F6 /* URLImageStore in Frameworks */ = {isa = PBXBuildFile; productRef = A0EEAD842B23FEDF00DA10F6 /* URLImageStore */; };
		A0EEAD892B23FF6F00DA10F6 /* ArticleView.swift in Sources */ = {isa = PBXBuildFile; fileRef = A0EEAD882B23FF6F00DA10F6 /* ArticleView.swift */; };
		A0EEAD8B2B24134000DA10F6 /* ErrorView.swift in Sources */ = {isa = PBXBuildFile; fileRef = A0EEAD8A2B24134000DA10F6 /* ErrorView.swift */; };
/* End PBXBuildFile section */

/* Begin PBXFileReference section */
		A0EEAD562B23C0B600DA10F6 /* NewsApp.app */ = {isa = PBXFileReference; explicitFileType = wrapper.application; includeInIndex = 0; path = NewsApp.app; sourceTree = BUILT_PRODUCTS_DIR; };
		A0EEAD592B23C0B600DA10F6 /* NewsAppApp.swift */ = {isa = PBXFileReference; lastKnownFileType = sourcecode.swift; path = NewsAppApp.swift; sourceTree = "<group>"; };
		A0EEAD5D2B23C0BA00DA10F6 /* Assets.xcassets */ = {isa = PBXFileReference; lastKnownFileType = folder.assetcatalog; path = Assets.xcassets; sourceTree = "<group>"; };
		A0EEAD5F2B23C0BA00DA10F6 /* NewsApp.entitlements */ = {isa = PBXFileReference; lastKnownFileType = text.plist.entitlements; path = NewsApp.entitlements; sourceTree = "<group>"; };
		A0EEAD612B23C0BA00DA10F6 /* Preview Assets.xcassets */ = {isa = PBXFileReference; lastKnownFileType = folder.assetcatalog; path = "Preview Assets.xcassets"; sourceTree = "<group>"; };
		A0EEAD692B23C41800DA10F6 /* HomeView.swift */ = {isa = PBXFileReference; lastKnownFileType = sourcecode.swift; path = HomeView.swift; sourceTree = "<group>"; };
		A0EEAD6C2B23C64200DA10F6 /* NewsResponse.swift */ = {isa = PBXFileReference; lastKnownFileType = sourcecode.swift; path = NewsResponse.swift; sourceTree = "<group>"; };
		A0EEAD6F2B23C72E00DA10F6 /* NewsEndpoint.swift */ = {isa = PBXFileReference; lastKnownFileType = sourcecode.swift; path = NewsEndpoint.swift; sourceTree = "<group>"; };
		A0EEAD742B23C96200DA10F6 /* APIError.swift */ = {isa = PBXFileReference; lastKnownFileType = sourcecode.swift; path = APIError.swift; sourceTree = "<group>"; };
		A0EEAD792B23CA5300DA10F6 /* NewsService.swift */ = {isa = PBXFileReference; lastKnownFileType = sourcecode.swift; path = NewsService.swift; sourceTree = "<group>"; };
		A0EEAD7C2B23E9F000DA10F6 /* ResultState.swift */ = {isa = PBXFileReference; lastKnownFileType = sourcecode.swift; path = ResultState.swift; sourceTree = "<group>"; };
		A0EEAD7F2B23EA3A00DA10F6 /* NewsViewModel.swift */ = {isa = PBXFileReference; lastKnownFileType = sourcecode.swift; path = NewsViewModel.swift; sourceTree = "<group>"; };
		A0EEAD882B23FF6F00DA10F6 /* ArticleView.swift */ = {isa = PBXFileReference; lastKnownFileType = sourcecode.swift; path = ArticleView.swift; sourceTree = "<group>"; };
		A0EEAD8A2B24134000DA10F6 /* ErrorView.swift */ = {isa = PBXFileReference; lastKnownFileType = sourcecode.swift; path = ErrorView.swift; sourceTree = "<group>"; };
/* End PBXFileReference section */

/* Begin PBXFrameworksBuildPhase section */
		A0EEAD532B23C0B600DA10F6 /* Frameworks */ = {
			isa = PBXFrameworksBuildPhase;
			buildActionMask = 2147483647;
			files = (
				A0EEAD852B23FEDF00DA10F6 /* URLImageStore in Frameworks */,
				A0EEAD832B23FEDF00DA10F6 /* URLImage in Frameworks */,
			);
			runOnlyForDeploymentPostprocessing = 0;
		};
/* End PBXFrameworksBuildPhase section */

/* Begin PBXGroup section */
		A0EEAD4D2B23C0B600DA10F6 = {
			isa = PBXGroup;
			children = (
				A0EEAD582B23C0B600DA10F6 /* NewsApp */,
				A0EEAD572B23C0B600DA10F6 /* Products */,
			);
			sourceTree = "<group>";
		};
		A0EEAD572B23C0B600DA10F6 /* Products */ = {
			isa = PBXGroup;
			children = (
				A0EEAD562B23C0B600DA10F6 /* NewsApp.app */,
			);
			name = Products;
			sourceTree = "<group>";
		};
		A0EEAD582B23C0B600DA10F6 /* NewsApp */ = {
			isa = PBXGroup;
			children = (
				A0EEAD7E2B23EA2400DA10F6 /* ViewModel */,
				A0EEAD7B2B23E9DE00DA10F6 /* States */,
				A0EEAD762B23CA2500DA10F6 /* Service */,
				A0EEAD712B23C94300DA10F6 /* Error */,
				A0EEAD6E2B23C71D00DA10F6 /* Endpoint */,
				A0EEAD6B2B23C62E00DA10F6 /* Models */,
				A0EEAD682B23C40900DA10F6 /* Views */,
				A0EEAD592B23C0B600DA10F6 /* NewsAppApp.swift */,
				A0EEAD5D2B23C0BA00DA10F6 /* Assets.xcassets */,
				A0EEAD5F2B23C0BA00DA10F6 /* NewsApp.entitlements */,
				A0EEAD602B23C0BA00DA10F6 /* Preview Content */,
			);
			path = NewsApp;
			sourceTree = "<group>";
		};
		A0EEAD602B23C0BA00DA10F6 /* Preview Content */ = {
			isa = PBXGroup;
			children = (
				A0EEAD612B23C0BA00DA10F6 /* Preview Assets.xcassets */,
			);
			path = "Preview Content";
			sourceTree = "<group>";
		};
		A0EEAD682B23C40900DA10F6 /* Views */ = {
			isa = PBXGroup;
			children = (
				A0EEAD692B23C41800DA10F6 /* HomeView.swift */,
				A0EEAD882B23FF6F00DA10F6 /* ArticleView.swift */,
				A0EEAD8A2B24134000DA10F6 /* ErrorView.swift */,
			);
			path = Views;
			sourceTree = "<group>";
		};
		A0EEAD6B2B23C62E00DA10F6 /* Models */ = {
			isa = PBXGroup;
			children = (
				A0EEAD6C2B23C64200DA10F6 /* NewsResponse.swift */,
			);
			path = Models;
			sourceTree = "<group>";
		};
		A0EEAD6E2B23C71D00DA10F6 /* Endpoint */ = {
			isa = PBXGroup;
			children = (
				A0EEAD6F2B23C72E00DA10F6 /* NewsEndpoint.swift */,
			);
			path = Endpoint;
			sourceTree = "<group>";
		};
		A0EEAD712B23C94300DA10F6 /* Error */ = {
			isa = PBXGroup;
			children = (
				A0EEAD742B23C96200DA10F6 /* APIError.swift */,
			);
			path = Error;
			sourceTree = "<group>";
		};
		A0EEAD762B23CA2500DA10F6 /* Service */ = {
			isa = PBXGroup;
			children = (
				A0EEAD792B23CA5300DA10F6 /* NewsService.swift */,
			);
			path = Service;
			sourceTree = "<group>";
		};
		A0EEAD7B2B23E9DE00DA10F6 /* States */ = {
			isa = PBXGroup;
			children = (
				A0EEAD7C2B23E9F000DA10F6 /* ResultState.swift */,
			);
			path = States;
			sourceTree = "<group>";
		};
		A0EEAD7E2B23EA2400DA10F6 /* ViewModel */ = {
			isa = PBXGroup;
			children = (
				A0EEAD7F2B23EA3A00DA10F6 /* NewsViewModel.swift */,
			);
			path = ViewModel;
			sourceTree = "<group>";
		};
/* End PBXGroup section */

/* Begin PBXNativeTarget section */
		A0EEAD552B23C0B600DA10F6 /* NewsApp */ = {
			isa = PBXNativeTarget;
			buildConfigurationList = A0EEAD652B23C0BA00DA10F6 /* Build configuration list for PBXNativeTarget "NewsApp" */;
			buildPhases = (
				A0EEAD522B23C0B600DA10F6 /* Sources */,
				A0EEAD532B23C0B600DA10F6 /* Frameworks */,
				A0EEAD542B23C0B600DA10F6 /* Resources */,
			);
			buildRules = (
			);
			dependencies = (
			);
			name = NewsApp;
			packageProductDependencies = (
				A0EEAD822B23FEDF00DA10F6 /* URLImage */,
				A0EEAD842B23FEDF00DA10F6 /* URLImageStore */,
			);
			productName = NewsApp;
			productReference = A0EEAD562B23C0B600DA10F6 /* NewsApp.app */;
			productType = "com.apple.product-type.application";
		};
/* End PBXNativeTarget section */

/* Begin PBXProject section */
		A0EEAD4E2B23C0B600DA10F6 /* Project object */ = {
			isa = PBXProject;
			attributes = {
				BuildIndependentTargetsInParallel = 1;
				LastSwiftUpdateCheck = 1500;
				LastUpgradeCheck = 1500;
				TargetAttributes = {
					A0EEAD552B23C0B600DA10F6 = {
						CreatedOnToolsVersion = 15.0.1;
					};
				};
			};
			buildConfigurationList = A0EEAD512B23C0B600DA10F6 /* Build configuration list for PBXProject "NewsApp" */;
			compatibilityVersion = "Xcode 14.0";
			developmentRegion = en;
			hasScannedForEncodings = 0;
			knownRegions = (
				en,
				Base,
			);
			mainGroup = A0EEAD4D2B23C0B600DA10F6;
			packageReferences = (
				A0EEAD812B23FEDF00DA10F6 /* XCRemoteSwiftPackageReference "url-image" */,
			);
			productRefGroup = A0EEAD572B23C0B600DA10F6 /* Products */;
			projectDirPath = "";
			projectRoot = "";
			targets = (
				A0EEAD552B23C0B600DA10F6 /* NewsApp */,
			);
		};
/* End PBXProject section */

/* Begin PBXResourcesBuildPhase section */
		A0EEAD542B23C0B600DA10F6 /* Resources */ = {
			isa = PBXResourcesBuildPhase;
			buildActionMask = 2147483647;
			files = (
				A0EEAD622B23C0BA00DA10F6 /* Preview Assets.xcassets in Resources */,
				A0EEAD5E2B23C0BA00DA10F6 /* Assets.xcassets in Resources */,
			);
			runOnlyForDeploymentPostprocessing = 0;
		};
/* End PBXResourcesBuildPhase section */

/* Begin PBXSourcesBuildPhase section */
		A0EEAD522B23C0B600DA10F6 /* Sources */ = {
			isa = PBXSourcesBuildPhase;
			buildActionMask = 2147483647;
			files = (
				A0EEAD7D2B23E9F000DA10F6 /* ResultState.swift in Sources */,
				A0EEAD7A2B23CA5300DA10F6 /* NewsService.swift in Sources */,
				A0EEAD6A2B23C41800DA10F6 /* HomeView.swift in Sources */,
				A0EEAD5A2B23C0B600DA10F6 /* NewsAppApp.swift in Sources */,
				A0EEAD6D2B23C64200DA10F6 /* NewsResponse.swift in Sources */,
				A0EEAD8B2B24134000DA10F6 /* ErrorView.swift in Sources */,
				A0EEAD752B23C96200DA10F6 /* APIError.swift in Sources */,
				A0EEAD702B23C72E00DA10F6 /* NewsEndpoint.swift in Sources */,
				A0EEAD892B23FF6F00DA10F6 /* ArticleView.swift in Sources */,
				A0EEAD802B23EA3A00DA10F6 /* NewsViewModel.swift in Sources */,
			);
			runOnlyForDeploymentPostprocessing = 0;
		};
/* End PBXSourcesBuildPhase section */

/* Begin XCBuildConfiguration section */
		A0EEAD632B23C0BA00DA10F6 /* Debug */ = {
			isa = XCBuildConfiguration;
			buildSettings = {
				ALWAYS_SEARCH_USER_PATHS = NO;
				ASSETCATALOG_COMPILER_GENERATE_SWIFT_ASSET_SYMBOL_EXTENSIONS = YES;
				CLANG_ANALYZER_NONNULL = YES;
				CLANG_ANALYZER_NUMBER_OBJECT_CONVERSION = YES_AGGRESSIVE;
				CLANG_CXX_LANGUAGE_STANDARD = "gnu++20";
				CLANG_ENABLE_MODULES = YES;
				CLANG_ENABLE_OBJC_ARC = YES;
				CLANG_ENABLE_OBJC_WEAK = YES;
				CLANG_WARN_BLOCK_CAPTURE_AUTORELEASING = YES;
				CLANG_WARN_BOOL_CONVERSION = YES;
				CLANG_WARN_COMMA = YES;
				CLANG_WARN_CONSTANT_CONVERSION = YES;
				CLANG_WARN_DEPRECATED_OBJC_IMPLEMENTATIONS = YES;
				CLANG_WARN_DIRECT_OBJC_ISA_USAGE = YES_ERROR;
				CLANG_WARN_DOCUMENTATION_COMMENTS = YES;
				CLANG_WARN_EMPTY_BODY = YES;
				CLANG_WARN_ENUM_CONVERSION = YES;
				CLANG_WARN_INFINITE_RECURSION = YES;
				CLANG_WARN_INT_CONVERSION = YES;
				CLANG_WARN_NON_LITERAL_NULL_CONVERSION = YES;
				CLANG_WARN_OBJC_IMPLICIT_RETAIN_SELF = YES;
				CLANG_WARN_OBJC_LITERAL_CONVERSION = YES;
				CLANG_WARN_OBJC_ROOT_CLASS = YES_ERROR;
				CLANG_WARN_QUOTED_INCLUDE_IN_FRAMEWORK_HEADER = YES;
				CLANG_WARN_RANGE_LOOP_ANALYSIS = YES;
				CLANG_WARN_STRICT_PROTOTYPES = YES;
				CLANG_WARN_SUSPICIOUS_MOVE = YES;
				CLANG_WARN_UNGUARDED_AVAILABILITY = YES_AGGRESSIVE;
				CLANG_WARN_UNREACHABLE_CODE = YES;
				CLANG_WARN__DUPLICATE_METHOD_MATCH = YES;
				COPY_PHASE_STRIP = NO;
				DEBUG_INFORMATION_FORMAT = dwarf;
				ENABLE_STRICT_OBJC_MSGSEND = YES;
				ENABLE_TESTABILITY = YES;
				ENABLE_USER_SCRIPT_SANDBOXING = YES;
				GCC_C_LANGUAGE_STANDARD = gnu17;
				GCC_DYNAMIC_NO_PIC = NO;
				GCC_NO_COMMON_BLOCKS = YES;
				GCC_OPTIMIZATION_LEVEL = 0;
				GCC_PREPROCESSOR_DEFINITIONS = (
					"DEBUG=1",
					"$(inherited)",
				);
				GCC_WARN_64_TO_32_BIT_CONVERSION = YES;
				GCC_WARN_ABOUT_RETURN_TYPE = YES_ERROR;
				GCC_WARN_UNDECLARED_SELECTOR = YES;
				GCC_WARN_UNINITIALIZED_AUTOS = YES_AGGRESSIVE;
				GCC_WARN_UNUSED_FUNCTION = YES;
				GCC_WARN_UNUSED_VARIABLE = YES;
				LOCALIZATION_PREFERS_STRING_CATALOGS = YES;
				MTL_ENABLE_DEBUG_INFO = INCLUDE_SOURCE;
				MTL_FAST_MATH = YES;
				ONLY_ACTIVE_ARCH = YES;
				SWIFT_ACTIVE_COMPILATION_CONDITIONS = "DEBUG $(inherited)";
				SWIFT_OPTIMIZATION_LEVEL = "-Onone";
			};
			name = Debug;
		};
		A0EEAD642B23C0BA00DA10F6 /* Release */ = {
			isa = XCBuildConfiguration;
			buildSettings = {
				ALWAYS_SEARCH_USER_PATHS = NO;
				ASSETCATALOG_COMPILER_GENERATE_SWIFT_ASSET_SYMBOL_EXTENSIONS = YES;
				CLANG_ANALYZER_NONNULL = YES;
				CLANG_ANALYZER_NUMBER_OBJECT_CONVERSION = YES_AGGRESSIVE;
				CLANG_CXX_LANGUAGE_STANDARD = "gnu++20";
				CLANG_ENABLE_MODULES = YES;
				CLANG_ENABLE_OBJC_ARC = YES;
				CLANG_ENABLE_OBJC_WEAK = YES;
				CLANG_WARN_BLOCK_CAPTURE_AUTORELEASING = YES;
				CLANG_WARN_BOOL_CONVERSION = YES;
				CLANG_WARN_COMMA = YES;
				CLANG_WARN_CONSTANT_CONVERSION = YES;
				CLANG_WARN_DEPRECATED_OBJC_IMPLEMENTATIONS = YES;
				CLANG_WARN_DIRECT_OBJC_ISA_USAGE = YES_ERROR;
				CLANG_WARN_DOCUMENTATION_COMMENTS = YES;
				CLANG_WARN_EMPTY_BODY = YES;
				CLANG_WARN_ENUM_CONVERSION = YES;
				CLANG_WARN_INFINITE_RECURSION = YES;
				CLANG_WARN_INT_CONVERSION = YES;
				CLANG_WARN_NON_LITERAL_NULL_CONVERSION = YES;
				CLANG_WARN_OBJC_IMPLICIT_RETAIN_SELF = YES;
				CLANG_WARN_OBJC_LITERAL_CONVERSION = YES;
				CLANG_WARN_OBJC_ROOT_CLASS = YES_ERROR;
				CLANG_WARN_QUOTED_INCLUDE_IN_FRAMEWORK_HEADER = YES;
				CLANG_WARN_RANGE_LOOP_ANALYSIS = YES;
				CLANG_WARN_STRICT_PROTOTYPES = YES;
				CLANG_WARN_SUSPICIOUS_MOVE = YES;
				CLANG_WARN_UNGUARDED_AVAILABILITY = YES_AGGRESSIVE;
				CLANG_WARN_UNREACHABLE_CODE = YES;
				CLANG_WARN__DUPLICATE_METHOD_MATCH = YES;
				COPY_PHASE_STRIP = NO;
				DEBUG_INFORMATION_FORMAT = "dwarf-with-dsym";
				ENABLE_NS_ASSERTIONS = NO;
				ENABLE_STRICT_OBJC_MSGSEND = YES;
				ENABLE_USER_SCRIPT_SANDBOXING = YES;
				GCC_C_LANGUAGE_STANDARD = gnu17;
				GCC_NO_COMMON_BLOCKS = YES;
				GCC_WARN_64_TO_32_BIT_CONVERSION = YES;
				GCC_WARN_ABOUT_RETURN_TYPE = YES_ERROR;
				GCC_WARN_UNDECLARED_SELECTOR = YES;
				GCC_WARN_UNINITIALIZED_AUTOS = YES_AGGRESSIVE;
				GCC_WARN_UNUSED_FUNCTION = YES;
				GCC_WARN_UNUSED_VARIABLE = YES;
				LOCALIZATION_PREFERS_STRING_CATALOGS = YES;
				MTL_ENABLE_DEBUG_INFO = NO;
				MTL_FAST_MATH = YES;
				SWIFT_COMPILATION_MODE = wholemodule;
			};
			name = Release;
		};
		A0EEAD662B23C0BA00DA10F6 /* Debug */ = {
			isa = XCBuildConfiguration;
			buildSettings = {
				ASSETCATALOG_COMPILER_APPICON_NAME = AppIcon;
				ASSETCATALOG_COMPILER_GLOBAL_ACCENT_COLOR_NAME = AccentColor;
				CODE_SIGN_ENTITLEMENTS = NewsApp/NewsApp.entitlements;
				CODE_SIGN_STYLE = Automatic;
				CURRENT_PROJECT_VERSION = 1;
				DEVELOPMENT_ASSET_PATHS = "\"NewsApp/Preview Content\"";
				ENABLE_PREVIEWS = YES;
				GENERATE_INFOPLIST_FILE = YES;
				"INFOPLIST_KEY_UIApplicationSceneManifest_Generation[sdk=iphoneos*]" = YES;
				"INFOPLIST_KEY_UIApplicationSceneManifest_Generation[sdk=iphonesimulator*]" = YES;
				"INFOPLIST_KEY_UIApplicationSupportsIndirectInputEvents[sdk=iphoneos*]" = YES;
				"INFOPLIST_KEY_UIApplicationSupportsIndirectInputEvents[sdk=iphonesimulator*]" = YES;
				"INFOPLIST_KEY_UILaunchScreen_Generation[sdk=iphoneos*]" = YES;
				"INFOPLIST_KEY_UILaunchScreen_Generation[sdk=iphonesimulator*]" = YES;
				"INFOPLIST_KEY_UIStatusBarStyle[sdk=iphoneos*]" = UIStatusBarStyleDefault;
				"INFOPLIST_KEY_UIStatusBarStyle[sdk=iphonesimulator*]" = UIStatusBarStyleDefault;
				INFOPLIST_KEY_UISupportedInterfaceOrientations_iPad = "UIInterfaceOrientationPortrait UIInterfaceOrientationPortraitUpsideDown UIInterfaceOrientationLandscapeLeft UIInterfaceOrientationLandscapeRight";
				INFOPLIST_KEY_UISupportedInterfaceOrientations_iPhone = "UIInterfaceOrientationPortrait UIInterfaceOrientationLandscapeLeft UIInterfaceOrientationLandscapeRight";
				IPHONEOS_DEPLOYMENT_TARGET = 17.0;
				LD_RUNPATH_SEARCH_PATHS = "@executable_path/Frameworks";
				"LD_RUNPATH_SEARCH_PATHS[sdk=macosx*]" = "@executable_path/../Frameworks";
				MACOSX_DEPLOYMENT_TARGET = 13.5;
				MARKETING_VERSION = 1.0;
				PRODUCT_BUNDLE_IDENTIFIER = io.MichelleGunawan.NewsApp;
				PRODUCT_NAME = "$(TARGET_NAME)";
				SDKROOT = auto;
				SUPPORTED_PLATFORMS = "iphoneos iphonesimulator macosx";
				SWIFT_EMIT_LOC_STRINGS = YES;
				SWIFT_VERSION = 5.0;
				TARGETED_DEVICE_FAMILY = "1,2";
			};
			name = Debug;
		};
		A0EEAD672B23C0BA00DA10F6 /* Release */ = {
			isa = XCBuildConfiguration;
			buildSettings = {
				ASSETCATALOG_COMPILER_APPICON_NAME = AppIcon;
				ASSETCATALOG_COMPILER_GLOBAL_ACCENT_COLOR_NAME = AccentColor;
				CODE_SIGN_ENTITLEMENTS = NewsApp/NewsApp.entitlements;
				CODE_SIGN_STYLE = Automatic;
				CURRENT_PROJECT_VERSION = 1;
				DEVELOPMENT_ASSET_PATHS = "\"NewsApp/Preview Content\"";
				ENABLE_PREVIEWS = YES;
				GENERATE_INFOPLIST_FILE = YES;
				"INFOPLIST_KEY_UIApplicationSceneManifest_Generation[sdk=iphoneos*]" = YES;
				"INFOPLIST_KEY_UIApplicationSceneManifest_Generation[sdk=iphonesimulator*]" = YES;
				"INFOPLIST_KEY_UIApplicationSupportsIndirectInputEvents[sdk=iphoneos*]" = YES;
				"INFOPLIST_KEY_UIApplicationSupportsIndirectInputEvents[sdk=iphonesimulator*]" = YES;
				"INFOPLIST_KEY_UILaunchScreen_Generation[sdk=iphoneos*]" = YES;
				"INFOPLIST_KEY_UILaunchScreen_Generation[sdk=iphonesimulator*]" = YES;
				"INFOPLIST_KEY_UIStatusBarStyle[sdk=iphoneos*]" = UIStatusBarStyleDefault;
				"INFOPLIST_KEY_UIStatusBarStyle[sdk=iphonesimulator*]" = UIStatusBarStyleDefault;
				INFOPLIST_KEY_UISupportedInterfaceOrientations_iPad = "UIInterfaceOrientationPortrait UIInterfaceOrientationPortraitUpsideDown UIInterfaceOrientationLandscapeLeft UIInterfaceOrientationLandscapeRight";
				INFOPLIST_KEY_UISupportedInterfaceOrientations_iPhone = "UIInterfaceOrientationPortrait UIInterfaceOrientationLandscapeLeft UIInterfaceOrientationLandscapeRight";
				IPHONEOS_DEPLOYMENT_TARGET = 17.0;
				LD_RUNPATH_SEARCH_PATHS = "@executable_path/Frameworks";
				"LD_RUNPATH_SEARCH_PATHS[sdk=macosx*]" = "@executable_path/../Frameworks";
				MACOSX_DEPLOYMENT_TARGET = 13.5;
				MARKETING_VERSION = 1.0;
				PRODUCT_BUNDLE_IDENTIFIER = io.MichelleGunawan.NewsApp;
				PRODUCT_NAME = "$(TARGET_NAME)";
				SDKROOT = auto;
				SUPPORTED_PLATFORMS = "iphoneos iphonesimulator macosx";
				SWIFT_EMIT_LOC_STRINGS = YES;
				SWIFT_VERSION = 5.0;
				TARGETED_DEVICE_FAMILY = "1,2";
			};
			name = Release;
		};
/* End XCBuildConfiguration section */

/* Begin XCConfigurationList section */
		A0EEAD512B23C0B600DA10F6 /* Build configuration list for PBXProject "NewsApp" */ = {
			isa = XCConfigurationList;
			buildConfigurations = (
				A0EEAD632B23C0BA00DA10F6 /* Debug */,
				A0EEAD642B23C0BA00DA10F6 /* Release */,
			);
			defaultConfigurationIsVisible = 0;
			defaultConfigurationName = Release;
		};
		A0EEAD652B23C0BA00DA10F6 /* Build configuration list for PBXNativeTarget "NewsApp" */ = {
			isa = XCConfigurationList;
			buildConfigurations = (
				A0EEAD662B23C0BA00DA10F6 /* Debug */,
				A0EEAD672B23C0BA00DA10F6 /* Release */,
			);
			defaultConfigurationIsVisible = 0;
			defaultConfigurationName = Release;
		};
/* End XCConfigurationList section */

/* Begin XCRemoteSwiftPackageReference section */
		A0EEAD812B23FEDF00DA10F6 /* XCRemoteSwiftPackageReference "url-image" */ = {
			isa = XCRemoteSwiftPackageReference;
			repositoryURL = "https://github.com/dmytro-anokhin/url-image";
			requirement = {
				kind = upToNextMajorVersion;
				minimumVersion = 3.1.1;
			};
		};
/* End XCRemoteSwiftPackageReference section */

/* Begin XCSwiftPackageProductDependency section */
		A0EEAD822B23FEDF00DA10F6 /* URLImage */ = {
			isa = XCSwiftPackageProductDependency;
			package = A0EEAD812B23FEDF00DA10F6 /* XCRemoteSwiftPackageReference "url-image" */;
			productName = URLImage;
		};
		A0EEAD842B23FEDF00DA10F6 /* URLImageStore */ = {
			isa = XCSwiftPackageProductDependency;
			package = A0EEAD812B23FEDF00DA10F6 /* XCRemoteSwiftPackageReference "url-image" */;
			productName = URLImageStore;
		};
/* End XCSwiftPackageProductDependency section */
	};
	rootObject = A0EEAD4E2B23C0B600DA10F6 /* Project object */;
}
